{
  "originHash" : "106d032e346b8d20bcaf5db9ab46854efc0415e42e92ea26c4ab363c365b35fb",
  "pins" : [
    {
      "identity" : "cmd-arg-lib",
      "kind" : "remoteSourceControl",
      "location" : "https://github.com/ouser4629/cmd-arg-lib.git",
      "state" : {
        "revision" : "1fa10c38933f13f33371ab62e0526f8b5d971d4e",
        "version" : "0.4.7"
      }
    },
    {
      "identity" : "swift-syntax",
      "kind" : "remoteSourceControl",
      "location" : "https://github.com/swiftlang/swift-syntax.git",
      "state" : {
        "revision" : "4799286537280063c85a32f09884cfbca301b1a1",
        "version" : "602.0.0"
      }
    }
  ],
  "version" : 3
}
